
Microsoft Visual Studio Solution File, Format Version 12.00
# Visual Studio 15
VisualStudioVersion = 15.0.28010.2016
MinimumVisualStudioVersion = 10.0.40219.1
Project("{FAE04EC0-301F-11D3-BF4B-00C04F79EFBC}") = "Bell54", "Bell54\Bell54.csproj", "{8BCCDDB8-CAC8-4918-8B27-29CC2CE8B187}"
EndProject
Global
	GlobalSection(SolutionConfigurationPlatforms) = preSolution
		Debug|Any CPU = Debug|Any CPU
		Release|Any CPU = Release|Any CPU
	EndGlobalSection
	GlobalSection(ProjectConfigurationPlatforms) = postSolution
		{8BCCDDB8-CAC8-4918-8B27-29CC2CE8B187}.Debug|Any CPU.ActiveCfg = Debug|Any CPU
		{8BCCDDB8-CAC8-4918-8B27-29CC2CE8B187}.Debug|Any CPU.Build.0 = Debug|Any CPU
		{8BCCDDB8-CAC8-4918-8B27-29CC2CE8B187}.Release|Any CPU.ActiveCfg = Release|Any CPU
		{8BCCDDB8-CAC8-4918-8B27-29CC2CE8B187}.Release|Any CPU.Build.0 = Release|Any CPU
	EndGlobalSection
	GlobalSection(SolutionProperties) = preSolution
		HideSolutionNode = FALSE
	EndGlobalSection
	GlobalSection(ExtensibilityGlobals) = postSolution
		SolutionGuid = {A744B16C-EF7D-49AD-8EB6-E17FCFC2ADF2}
	EndGlobalSection
EndGlobal
